PODS:
  - Alamofire (4.0.1)
  - CryptoSwift (0.6.3)
  - Sparkle (1.14.0)
  - Starscream (2.0.0)
  - SwCrypt (4.0.0)
  - SwiftyJSON (3.1.1)

DEPENDENCIES:
  - Alamofire (~> 4.0.1)
  - CryptoSwift (~> 0.6.1)
  - Sparkle (~> 1.14.0)
  - Starscream (~> 2.0.0)
  - SwCrypt (= 4.0.0)
  - SwiftyJSON (~> 3.1.1)

SPEC CHECKSUMS:
  Alamofire: 7682d43245de14874acd142ec137b144aa1dd335
  CryptoSwift: 623f81faf4bc34caf78b792f8625fda9fc309abd
  Sparkle: ccd95233b12a3e3d4eeb55ff01dd4c8bb8188b07
  Starscream: 947c865596f0d6bb3f0203fee23228ed2d471468
  SwCrypt: a8c39983e1745286686ac17f837cd12ae62794c4
  SwiftyJSON: f0be2e604f83e8405a624e9f891898bf6ed4e019

PODFILE CHECKSUM: ac6c4349f45cfa468ffeca1379e7559e43be204a

COCOAPODS: 1.1.1
