// !$*UTF8*$!
{
	archiveVersion = 1;
	classes = {
	};
	objectVersion = 46;
	objects = {

/* Begin PBXBuildFile section */
		162B919FE4321ED9BC86AD09 /* Pods_Noti.framework in Frameworks */ = {isa = PBXBuildFile; fileRef = B2C7615AF577BAEAF32B8516 /* Pods_Noti.framework */; };
		4901D3CF1D1C121D005F1641 /* StatusMenuController.swift in Sources */ = {isa = PBXBuildFile; fileRef = 4901D3CE1D1C121D005F1641 /* StatusMenuController.swift */; };
		4901D3D31D23E6AB005F1641 /* IntroViewController.swift in Sources */ = {isa = PBXBuildFile; fileRef = 4901D3D21D23E6AB005F1641 /* IntroViewController.swift */; };
		498499FE1D1BE46F007FC963 /* PushManager.swift in Sources */ = {isa = PBXBuildFile; fileRef = 498499FD1D1BE46F007FC963 /* PushManager.swift */; };
		499DD0F61D2ACA0B00BB759D /* .gitignore in Resources */ = {isa = PBXBuildFile; fileRef = 499DD0F51D2ACA0B00BB759D /* .gitignore */; };
		499DD0F81D2D7BBF00BB759D /* Ephemerals.swift in Sources */ = {isa = PBXBuildFile; fileRef = 499DD0F71D2D7BBF00BB759D /* Ephemerals.swift */; };
		499DD0FC1D2D8FAC00BB759D /* RoundedImage.swift in Sources */ = {isa = PBXBuildFile; fileRef = 499DD0FB1D2D8FAC00BB759D /* RoundedImage.swift */; };
		49B43B0C1D1ADFB200A24585 /* AppDelegate.swift in Sources */ = {isa = PBXBuildFile; fileRef = 49B43B0B1D1ADFB200A24585 /* AppDelegate.swift */; };
		49B43B0E1D1ADFB200A24585 /* AuthViewController.swift in Sources */ = {isa = PBXBuildFile; fileRef = 49B43B0D1D1ADFB200A24585 /* AuthViewController.swift */; };
		49B43B101D1ADFB200A24585 /* Assets.xcassets in Resources */ = {isa = PBXBuildFile; fileRef = 49B43B0F1D1ADFB200A24585 /* Assets.xcassets */; };
		49B43B131D1ADFB200A24585 /* Main.storyboard in Resources */ = {isa = PBXBuildFile; fileRef = 49B43B111D1ADFB200A24585 /* Main.storyboard */; };
		49B43B1B1D1AE0F200A24585 /* Podfile in Resources */ = {isa = PBXBuildFile; fileRef = 49B43B1A1D1AE0F200A24585 /* Podfile */; };
/* End PBXBuildFile section */

/* Begin PBXFileReference section */
		0F7FEC6A353CB04118DDEBF6 /* Pods-Noti.debug.xcconfig */ = {isa = PBXFileReference; includeInIndex = 1; lastKnownFileType = text.xcconfig; name = "Pods-Noti.debug.xcconfig"; path = "Pods/Target Support Files/Pods-Noti/Pods-Noti.debug.xcconfig"; sourceTree = "<group>"; };
		4901D3CE1D1C121D005F1641 /* StatusMenuController.swift */ = {isa = PBXFileReference; fileEncoding = 4; lastKnownFileType = sourcecode.swift; path = StatusMenuController.swift; sourceTree = "<group>"; };
		4901D3D21D23E6AB005F1641 /* IntroViewController.swift */ = {isa = PBXFileReference; fileEncoding = 4; lastKnownFileType = sourcecode.swift; path = IntroViewController.swift; sourceTree = "<group>"; };
		498499FD1D1BE46F007FC963 /* PushManager.swift */ = {isa = PBXFileReference; fileEncoding = 4; lastKnownFileType = sourcecode.swift; path = PushManager.swift; sourceTree = "<group>"; };
		499DD0F51D2ACA0B00BB759D /* .gitignore */ = {isa = PBXFileReference; fileEncoding = 4; lastKnownFileType = text; path = .gitignore; sourceTree = "<group>"; };
		499DD0F71D2D7BBF00BB759D /* Ephemerals.swift */ = {isa = PBXFileReference; fileEncoding = 4; lastKnownFileType = sourcecode.swift; path = Ephemerals.swift; sourceTree = "<group>"; };
		499DD0FB1D2D8FAC00BB759D /* RoundedImage.swift */ = {isa = PBXFileReference; fileEncoding = 4; lastKnownFileType = sourcecode.swift; path = RoundedImage.swift; sourceTree = "<group>"; };
		49B43B081D1ADFB200A24585 /* Noti.app */ = {isa = PBXFileReference; explicitFileType = wrapper.application; includeInIndex = 0; path = Noti.app; sourceTree = BUILT_PRODUCTS_DIR; };
		49B43B0B1D1ADFB200A24585 /* AppDelegate.swift */ = {isa = PBXFileReference; lastKnownFileType = sourcecode.swift; path = AppDelegate.swift; sourceTree = "<group>"; };
		49B43B0D1D1ADFB200A24585 /* AuthViewController.swift */ = {isa = PBXFileReference; lastKnownFileType = sourcecode.swift; path = AuthViewController.swift; sourceTree = "<group>"; };
		49B43B0F1D1ADFB200A24585 /* Assets.xcassets */ = {isa = PBXFileReference; lastKnownFileType = folder.assetcatalog; path = Assets.xcassets; sourceTree = "<group>"; };
		49B43B121D1ADFB200A24585 /* Base */ = {isa = PBXFileReference; lastKnownFileType = file.storyboard; name = Base; path = Base.lproj/Main.storyboard; sourceTree = "<group>"; };
		49B43B141D1ADFB200A24585 /* Info.plist */ = {isa = PBXFileReference; lastKnownFileType = text.plist.xml; path = Info.plist; sourceTree = "<group>"; };
		49B43B1A1D1AE0F200A24585 /* Podfile */ = {isa = PBXFileReference; fileEncoding = 4; lastKnownFileType = text; path = Podfile; sourceTree = "<group>"; xcLanguageSpecificationIdentifier = xcode.lang.ruby; };
		6B7FFCDDDAD1689D9A4BE578 /* Pods-Noti.release.xcconfig */ = {isa = PBXFileReference; includeInIndex = 1; lastKnownFileType = text.xcconfig; name = "Pods-Noti.release.xcconfig"; path = "Pods/Target Support Files/Pods-Noti/Pods-Noti.release.xcconfig"; sourceTree = "<group>"; };
		B2C7615AF577BAEAF32B8516 /* Pods_Noti.framework */ = {isa = PBXFileReference; explicitFileType = wrapper.framework; includeInIndex = 0; path = Pods_Noti.framework; sourceTree = BUILT_PRODUCTS_DIR; };
/* End PBXFileReference section */

/* Begin PBXFrameworksBuildPhase section */
		49B43B051D1ADFB200A24585 /* Frameworks */ = {
			isa = PBXFrameworksBuildPhase;
			buildActionMask = 2147483647;
			files = (
				162B919FE4321ED9BC86AD09 /* Pods_Noti.framework in Frameworks */,
			);
			runOnlyForDeploymentPostprocessing = 0;
		};
/* End PBXFrameworksBuildPhase section */

/* Begin PBXGroup section */
		49B43AFF1D1ADFB100A24585 = {
			isa = PBXGroup;
			children = (
				499DD0F51D2ACA0B00BB759D /* .gitignore */,
				49B43B1A1D1AE0F200A24585 /* Podfile */,
				49B43B0A1D1ADFB200A24585 /* Noti */,
				49B43B091D1ADFB200A24585 /* Products */,
				D0EECD8F29ED53BD727C95F8 /* Pods */,
				5BAC699C03C9C573FDF4B2D8 /* Frameworks */,
			);
			sourceTree = "<group>";
		};
		49B43B091D1ADFB200A24585 /* Products */ = {
			isa = PBXGroup;
			children = (
				49B43B081D1ADFB200A24585 /* Noti.app */,
			);
			name = Products;
			sourceTree = "<group>";
		};
		49B43B0A1D1ADFB200A24585 /* Noti */ = {
			isa = PBXGroup;
			children = (
				49B43B0B1D1ADFB200A24585 /* AppDelegate.swift */,
				49B43B0D1D1ADFB200A24585 /* AuthViewController.swift */,
				49B43B0F1D1ADFB200A24585 /* Assets.xcassets */,
				49B43B111D1ADFB200A24585 /* Main.storyboard */,
				4901D3D21D23E6AB005F1641 /* IntroViewController.swift */,
				49B43B141D1ADFB200A24585 /* Info.plist */,
				498499FD1D1BE46F007FC963 /* PushManager.swift */,
				4901D3CE1D1C121D005F1641 /* StatusMenuController.swift */,
				499DD0F71D2D7BBF00BB759D /* Ephemerals.swift */,
				499DD0FB1D2D8FAC00BB759D /* RoundedImage.swift */,
			);
			path = Noti;
			sourceTree = "<group>";
		};
		5BAC699C03C9C573FDF4B2D8 /* Frameworks */ = {
			isa = PBXGroup;
			children = (
				B2C7615AF577BAEAF32B8516 /* Pods_Noti.framework */,
			);
			name = Frameworks;
			sourceTree = "<group>";
		};
		D0EECD8F29ED53BD727C95F8 /* Pods */ = {
			isa = PBXGroup;
			children = (
				0F7FEC6A353CB04118DDEBF6 /* Pods-Noti.debug.xcconfig */,
				6B7FFCDDDAD1689D9A4BE578 /* Pods-Noti.release.xcconfig */,
			);
			name = Pods;
			sourceTree = "<group>";
		};
/* End PBXGroup section */

/* Begin PBXNativeTarget section */
		49B43B071D1ADFB200A24585 /* Noti */ = {
			isa = PBXNativeTarget;
			buildConfigurationList = 49B43B171D1ADFB200A24585 /* Build configuration list for PBXNativeTarget "Noti" */;
			buildPhases = (
				C46969CE10D5230F33E29F6C /* 📦 Check Pods Manifest.lock */,
				49B43B041D1ADFB200A24585 /* Sources */,
				49B43B051D1ADFB200A24585 /* Frameworks */,
				49B43B061D1ADFB200A24585 /* Resources */,
				003C003AFFFD5A40A37BC17E /* 📦 Embed Pods Frameworks */,
				9E2550AE761EB3113626074C /* 📦 Copy Pods Resources */,
			);
			buildRules = (
			);
			dependencies = (
			);
			name = Noti;
			productName = Noti;
			productReference = 49B43B081D1ADFB200A24585 /* Noti.app */;
			productType = "com.apple.product-type.application";
		};
/* End PBXNativeTarget section */

/* Begin PBXProject section */
		49B43B001D1ADFB100A24585 /* Project object */ = {
			isa = PBXProject;
			attributes = {
				LastSwiftUpdateCheck = 0730;
				LastUpgradeCheck = 0730;
				ORGANIZATIONNAME = Oberon;
				TargetAttributes = {
					49B43B071D1ADFB200A24585 = {
						CreatedOnToolsVersion = 7.3.1;
						DevelopmentTeam = JHKDY4UQ72;
					};
				};
			};
			buildConfigurationList = 49B43B031D1ADFB200A24585 /* Build configuration list for PBXProject "Noti" */;
			compatibilityVersion = "Xcode 3.2";
			developmentRegion = English;
			hasScannedForEncodings = 0;
			knownRegions = (
				en,
				Base,
			);
			mainGroup = 49B43AFF1D1ADFB100A24585;
			productRefGroup = 49B43B091D1ADFB200A24585 /* Products */;
			projectDirPath = "";
			projectRoot = "";
			targets = (
				49B43B071D1ADFB200A24585 /* Noti */,
			);
		};
/* End PBXProject section */

/* Begin PBXResourcesBuildPhase section */
		49B43B061D1ADFB200A24585 /* Resources */ = {
			isa = PBXResourcesBuildPhase;
			buildActionMask = 2147483647;
			files = (
				499DD0F61D2ACA0B00BB759D /* .gitignore in Resources */,
				49B43B1B1D1AE0F200A24585 /* Podfile in Resources */,
				49B43B101D1ADFB200A24585 /* Assets.xcassets in Resources */,
				49B43B131D1ADFB200A24585 /* Main.storyboard in Resources */,
			);
			runOnlyForDeploymentPostprocessing = 0;
		};
/* End PBXResourcesBuildPhase section */

/* Begin PBXShellScriptBuildPhase section */
		003C003AFFFD5A40A37BC17E /* 📦 Embed Pods Frameworks */ = {
			isa = PBXShellScriptBuildPhase;
			buildActionMask = 2147483647;
			files = (
			);
			inputPaths = (
			);
			name = "📦 Embed Pods Frameworks";
			outputPaths = (
			);
			runOnlyForDeploymentPostprocessing = 0;
			shellPath = /bin/sh;
			shellScript = "\"${SRCROOT}/Pods/Target Support Files/Pods-Noti/Pods-Noti-frameworks.sh\"\n";
			showEnvVarsInLog = 0;
		};
		9E2550AE761EB3113626074C /* 📦 Copy Pods Resources */ = {
			isa = PBXShellScriptBuildPhase;
			buildActionMask = 2147483647;
			files = (
			);
			inputPaths = (
			);
			name = "📦 Copy Pods Resources";
			outputPaths = (
			);
			runOnlyForDeploymentPostprocessing = 0;
			shellPath = /bin/sh;
			shellScript = "\"${SRCROOT}/Pods/Target Support Files/Pods-Noti/Pods-Noti-resources.sh\"\n";
			showEnvVarsInLog = 0;
		};
		C46969CE10D5230F33E29F6C /* 📦 Check Pods Manifest.lock */ = {
			isa = PBXShellScriptBuildPhase;
			buildActionMask = 2147483647;
			files = (
			);
			inputPaths = (
			);
			name = "📦 Check Pods Manifest.lock";
			outputPaths = (
			);
			runOnlyForDeploymentPostprocessing = 0;
			shellPath = /bin/sh;
			shellScript = "diff \"${PODS_ROOT}/../Podfile.lock\" \"${PODS_ROOT}/Manifest.lock\" > /dev/null\nif [[ $? != 0 ]] ; then\n    cat << EOM\nerror: The sandbox is not in sync with the Podfile.lock. Run 'pod install' or update your CocoaPods installation.\nEOM\n    exit 1\nfi\n";
			showEnvVarsInLog = 0;
		};
/* End PBXShellScriptBuildPhase section */

/* Begin PBXSourcesBuildPhase section */
		49B43B041D1ADFB200A24585 /* Sources */ = {
			isa = PBXSourcesBuildPhase;
			buildActionMask = 2147483647;
			files = (
				4901D3D31D23E6AB005F1641 /* IntroViewController.swift in Sources */,
				499DD0FC1D2D8FAC00BB759D /* RoundedImage.swift in Sources */,
				498499FE1D1BE46F007FC963 /* PushManager.swift in Sources */,
				49B43B0E1D1ADFB200A24585 /* AuthViewController.swift in Sources */,
				4901D3CF1D1C121D005F1641 /* StatusMenuController.swift in Sources */,
				49B43B0C1D1ADFB200A24585 /* AppDelegate.swift in Sources */,
				499DD0F81D2D7BBF00BB759D /* Ephemerals.swift in Sources */,
			);
			runOnlyForDeploymentPostprocessing = 0;
		};
/* End PBXSourcesBuildPhase section */

/* Begin PBXVariantGroup section */
		49B43B111D1ADFB200A24585 /* Main.storyboard */ = {
			isa = PBXVariantGroup;
			children = (
				49B43B121D1ADFB200A24585 /* Base */,
			);
			name = Main.storyboard;
			sourceTree = "<group>";
		};
/* End PBXVariantGroup section */

/* Begin XCBuildConfiguration section */
		49B43B151D1ADFB200A24585 /* Debug */ = {
			isa = XCBuildConfiguration;
			buildSettings = {
				ALWAYS_SEARCH_USER_PATHS = NO;
				CLANG_ANALYZER_NONNULL = YES;
				CLANG_CXX_LANGUAGE_STANDARD = "gnu++0x";
				CLANG_CXX_LIBRARY = "libc++";
				CLANG_ENABLE_MODULES = YES;
				CLANG_ENABLE_OBJC_ARC = YES;
				CLANG_WARN_BOOL_CONVERSION = YES;
				CLANG_WARN_CONSTANT_CONVERSION = YES;
				CLANG_WARN_DIRECT_OBJC_ISA_USAGE = YES_ERROR;
				CLANG_WARN_EMPTY_BODY = YES;
				CLANG_WARN_ENUM_CONVERSION = YES;
				CLANG_WARN_INT_CONVERSION = YES;
				CLANG_WARN_OBJC_ROOT_CLASS = YES_ERROR;
				CLANG_WARN_UNREACHABLE_CODE = YES;
				CLANG_WARN__DUPLICATE_METHOD_MATCH = YES;
				CODE_SIGN_IDENTITY = "-";
				COPY_PHASE_STRIP = NO;
				DEBUG_INFORMATION_FORMAT = dwarf;
				ENABLE_STRICT_OBJC_MSGSEND = YES;
				ENABLE_TESTABILITY = YES;
				GCC_C_LANGUAGE_STANDARD = gnu99;
				GCC_DYNAMIC_NO_PIC = NO;
				GCC_NO_COMMON_BLOCKS = YES;
				GCC_OPTIMIZATION_LEVEL = 0;
				GCC_PREPROCESSOR_DEFINITIONS = (
					"DEBUG=1",
					"$(inherited)",
				);
				GCC_WARN_64_TO_32_BIT_CONVERSION = YES;
				GCC_WARN_ABOUT_RETURN_TYPE = YES_ERROR;
				GCC_WARN_UNDECLARED_SELECTOR = YES;
				GCC_WARN_UNINITIALIZED_AUTOS = YES_AGGRESSIVE;
				GCC_WARN_UNUSED_FUNCTION = YES;
				GCC_WARN_UNUSED_VARIABLE = YES;
				MACOSX_DEPLOYMENT_TARGET = 10.11;
				MTL_ENABLE_DEBUG_INFO = YES;
				ONLY_ACTIVE_ARCH = YES;
				SDKROOT = macosx;
				SWIFT_OPTIMIZATION_LEVEL = "-Onone";
			};
			name = Debug;
		};
		49B43B161D1ADFB200A24585 /* Release */ = {
			isa = XCBuildConfiguration;
			buildSettings = {
				ALWAYS_SEARCH_USER_PATHS = NO;
				CLANG_ANALYZER_NONNULL = YES;
				CLANG_CXX_LANGUAGE_STANDARD = "gnu++0x";
				CLANG_CXX_LIBRARY = "libc++";
				CLANG_ENABLE_MODULES = YES;
				CLANG_ENABLE_OBJC_ARC = YES;
				CLANG_WARN_BOOL_CONVERSION = YES;
				CLANG_WARN_CONSTANT_CONVERSION = YES;
				CLANG_WARN_DIRECT_OBJC_ISA_USAGE = YES_ERROR;
				CLANG_WARN_EMPTY_BODY = YES;
				CLANG_WARN_ENUM_CONVERSION = YES;
				CLANG_WARN_INT_CONVERSION = YES;
				CLANG_WARN_OBJC_ROOT_CLASS = YES_ERROR;
				CLANG_WARN_UNREACHABLE_CODE = YES;
				CLANG_WARN__DUPLICATE_METHOD_MATCH = YES;
				CODE_SIGN_IDENTITY = "-";
				COPY_PHASE_STRIP = NO;
				DEBUG_INFORMATION_FORMAT = "dwarf-with-dsym";
				ENABLE_NS_ASSERTIONS = NO;
				ENABLE_STRICT_OBJC_MSGSEND = YES;
				GCC_C_LANGUAGE_STANDARD = gnu99;
				GCC_NO_COMMON_BLOCKS = YES;
				GCC_WARN_64_TO_32_BIT_CONVERSION = YES;
				GCC_WARN_ABOUT_RETURN_TYPE = YES_ERROR;
				GCC_WARN_UNDECLARED_SELECTOR = YES;
				GCC_WARN_UNINITIALIZED_AUTOS = YES_AGGRESSIVE;
				GCC_WARN_UNUSED_FUNCTION = YES;
				GCC_WARN_UNUSED_VARIABLE = YES;
				MACOSX_DEPLOYMENT_TARGET = 10.11;
				MTL_ENABLE_DEBUG_INFO = NO;
				SDKROOT = macosx;
			};
			name = Release;
		};
		49B43B181D1ADFB200A24585 /* Debug */ = {
			isa = XCBuildConfiguration;
			baseConfigurationReference = 0F7FEC6A353CB04118DDEBF6 /* Pods-Noti.debug.xcconfig */;
			buildSettings = {
				ASSETCATALOG_COMPILER_APPICON_NAME = AppIcon;
				CODE_SIGN_IDENTITY = "Developer ID Application";
				COMBINE_HIDPI_IMAGES = YES;
				INFOPLIST_FILE = Noti/Info.plist;
				LD_RUNPATH_SEARCH_PATHS = "$(inherited) @executable_path/../Frameworks";
				PRODUCT_BUNDLE_IDENTIFIER = io.jari.Noti;
				PRODUCT_NAME = "$(TARGET_NAME)";
			};
			name = Debug;
		};
		49B43B191D1ADFB200A24585 /* Release */ = {
			isa = XCBuildConfiguration;
			baseConfigurationReference = 6B7FFCDDDAD1689D9A4BE578 /* Pods-Noti.release.xcconfig */;
			buildSettings = {
				ASSETCATALOG_COMPILER_APPICON_NAME = AppIcon;
				CODE_SIGN_IDENTITY = "Developer ID Application";
				COMBINE_HIDPI_IMAGES = YES;
				INFOPLIST_FILE = Noti/Info.plist;
				LD_RUNPATH_SEARCH_PATHS = "$(inherited) @executable_path/../Frameworks";
				PRODUCT_BUNDLE_IDENTIFIER = io.jari.Noti;
				PRODUCT_NAME = "$(TARGET_NAME)";
			};
			name = Release;
		};
/* End XCBuildConfiguration section */

/* Begin XCConfigurationList section */
		49B43B031D1ADFB200A24585 /* Build configuration list for PBXProject "Noti" */ = {
			isa = XCConfigurationList;
			buildConfigurations = (
				49B43B151D1ADFB200A24585 /* Debug */,
				49B43B161D1ADFB200A24585 /* Release */,
			);
			defaultConfigurationIsVisible = 0;
			defaultConfigurationName = Release;
		};
		49B43B171D1ADFB200A24585 /* Build configuration list for PBXNativeTarget "Noti" */ = {
			isa = XCConfigurationList;
			buildConfigurations = (
				49B43B181D1ADFB200A24585 /* Debug */,
				49B43B191D1ADFB200A24585 /* Release */,
			);
			defaultConfigurationIsVisible = 0;
			defaultConfigurationName = Release;
		};
/* End XCConfigurationList section */
	};
	rootObject = 49B43B001D1ADFB100A24585 /* Project object */;
}
