// !$*UTF8*$!
{
	archiveVersion = 1;
	classes = {
	};
	objectVersion = 46;
	objects = {

/* Begin PBXBuildFile section */
		162B919FE4321ED9BC86AD09 /* Pods_Noti.framework in Frameworks */ = {isa = PBXBuildFile; fileRef = B2C7615AF577BAEAF32B8516 /* Pods_Noti.framework */; };
		1D1F989C1E18325B00DEBC7C /* Crypt.swift in Sources */ = {isa = PBXBuildFile; fileRef = 1D1F98991E18325B00DEBC7C /* Crypt.swift */; };
		1D3E1EA51E1831D300438152 /* AuthViewController.swift in Sources */ = {isa = PBXBuildFile; fileRef = 1D3E1E931E1831D300438152 /* AuthViewController.swift */; };
		1D3E1EA61E1831D300438152 /* IntroViewController.swift in Sources */ = {isa = PBXBuildFile; fileRef = 1D3E1E941E1831D300438152 /* IntroViewController.swift */; };
		1D3E1EA71E1831D300438152 /* PreferencesViewController.swift in Sources */ = {isa = PBXBuildFile; fileRef = 1D3E1E971E1831D300438152 /* PreferencesViewController.swift */; };
		1D3E1EA81E1831D300438152 /* Assets.xcassets in Resources */ = {isa = PBXBuildFile; fileRef = 1D3E1E9A1E1831D300438152 /* Assets.xcassets */; };
		1D3E1EA91E1831D300438152 /* Info.plist in Resources */ = {isa = PBXBuildFile; fileRef = 1D3E1E9B1E1831D300438152 /* Info.plist */; };
		1D3E1EAC1E1831D300438152 /* StatusMenuController.swift in Sources */ = {isa = PBXBuildFile; fileRef = 1D3E1EA01E1831D300438152 /* StatusMenuController.swift */; };
		1D3E1EAD1E1831D300438152 /* RoundedImage.swift in Sources */ = {isa = PBXBuildFile; fileRef = 1D3E1EA21E1831D300438152 /* RoundedImage.swift */; };
		1D8D63631E18338700AE71D1 /* HackyRepository.swift in Sources */ = {isa = PBXBuildFile; fileRef = 1D8D63621E18338700AE71D1 /* HackyRepository.swift */; };
		1D8D63681E1833AC00AE71D1 /* DeviceService.swift in Sources */ = {isa = PBXBuildFile; fileRef = 1D8D63641E1833AC00AE71D1 /* DeviceService.swift */; };
		1D8D636A1E1833AC00AE71D1 /* SmsService.swift in Sources */ = {isa = PBXBuildFile; fileRef = 1D8D63661E1833AC00AE71D1 /* SmsService.swift */; };
		1D8D636B1E1833AC00AE71D1 /* UserService.swift in Sources */ = {isa = PBXBuildFile; fileRef = 1D8D63671E1833AC00AE71D1 /* UserService.swift */; };
		1D8D63761E1834A600AE71D1 /* MessageTableCellView.swift in Sources */ = {isa = PBXBuildFile; fileRef = 1D8D636C1E1834A600AE71D1 /* MessageTableCellView.swift */; };
		1D8D63771E1834A600AE71D1 /* MessageTableCellView.xib in Resources */ = {isa = PBXBuildFile; fileRef = 1D8D636D1E1834A600AE71D1 /* MessageTableCellView.xib */; };
		1D8D63781E1834A600AE71D1 /* MessagingWindow.swift in Sources */ = {isa = PBXBuildFile; fileRef = 1D8D636E1E1834A600AE71D1 /* MessagingWindow.swift */; };
		1D8D63791E1834A600AE71D1 /* MessagingWindow.xib in Resources */ = {isa = PBXBuildFile; fileRef = 1D8D636F1E1834A600AE71D1 /* MessagingWindow.xib */; };
		1D8D637A1E1834A600AE71D1 /* ThreadsViewController.swift in Sources */ = {isa = PBXBuildFile; fileRef = 1D8D63701E1834A600AE71D1 /* ThreadsViewController.swift */; };
		1D8D637B1E1834A600AE71D1 /* ThreadsViewController.xib in Resources */ = {isa = PBXBuildFile; fileRef = 1D8D63711E1834A600AE71D1 /* ThreadsViewController.xib */; };
		1D8D637C1E1834A600AE71D1 /* ThreadTableCellView.swift in Sources */ = {isa = PBXBuildFile; fileRef = 1D8D63721E1834A600AE71D1 /* ThreadTableCellView.swift */; };
		1D8D637D1E1834A600AE71D1 /* ThreadTableCellView.xib in Resources */ = {isa = PBXBuildFile; fileRef = 1D8D63731E1834A600AE71D1 /* ThreadTableCellView.xib */; };
		1D8D637E1E1834A600AE71D1 /* ThreadViewController.swift in Sources */ = {isa = PBXBuildFile; fileRef = 1D8D63741E1834A600AE71D1 /* ThreadViewController.swift */; };
		1D8D637F1E1834A600AE71D1 /* ThreadViewController.xib in Resources */ = {isa = PBXBuildFile; fileRef = 1D8D63751E1834A600AE71D1 /* ThreadViewController.xib */; };
		1D8D63811E18366100AE71D1 /* PushManager.swift in Sources */ = {isa = PBXBuildFile; fileRef = 1D8D63801E18366100AE71D1 /* PushManager.swift */; };
		1D8D63831E183A2100AE71D1 /* EphemeralService.swift in Sources */ = {isa = PBXBuildFile; fileRef = 1D8D63821E183A2100AE71D1 /* EphemeralService.swift */; };
		499DD0F61D2ACA0B00BB759D /* .gitignore in Resources */ = {isa = PBXBuildFile; fileRef = 499DD0F51D2ACA0B00BB759D /* .gitignore */; };
		49B43B0C1D1ADFB200A24585 /* AppDelegate.swift in Sources */ = {isa = PBXBuildFile; fileRef = 49B43B0B1D1ADFB200A24585 /* AppDelegate.swift */; };
		49B43B131D1ADFB200A24585 /* Main.storyboard in Resources */ = {isa = PBXBuildFile; fileRef = 49B43B111D1ADFB200A24585 /* Main.storyboard */; };
		49B43B1B1D1AE0F200A24585 /* Podfile in Resources */ = {isa = PBXBuildFile; fileRef = 49B43B1A1D1AE0F200A24585 /* Podfile */; };
/* End PBXBuildFile section */

/* Begin PBXFileReference section */
		0F7FEC6A353CB04118DDEBF6 /* Pods-Noti.debug.xcconfig */ = {isa = PBXFileReference; includeInIndex = 1; lastKnownFileType = text.xcconfig; name = "Pods-Noti.debug.xcconfig"; path = "Pods/Target Support Files/Pods-Noti/Pods-Noti.debug.xcconfig"; sourceTree = "<group>"; };
		1D1F98991E18325B00DEBC7C /* Crypt.swift */ = {isa = PBXFileReference; fileEncoding = 4; lastKnownFileType = sourcecode.swift; path = Crypt.swift; sourceTree = "<group>"; };
		1D3E1E931E1831D300438152 /* AuthViewController.swift */ = {isa = PBXFileReference; fileEncoding = 4; lastKnownFileType = sourcecode.swift; path = AuthViewController.swift; sourceTree = "<group>"; };
		1D3E1E941E1831D300438152 /* IntroViewController.swift */ = {isa = PBXFileReference; fileEncoding = 4; lastKnownFileType = sourcecode.swift; path = IntroViewController.swift; sourceTree = "<group>"; };
		1D3E1E971E1831D300438152 /* PreferencesViewController.swift */ = {isa = PBXFileReference; fileEncoding = 4; lastKnownFileType = sourcecode.swift; path = PreferencesViewController.swift; sourceTree = "<group>"; };
		1D3E1E9A1E1831D300438152 /* Assets.xcassets */ = {isa = PBXFileReference; lastKnownFileType = folder.assetcatalog; path = Assets.xcassets; sourceTree = "<group>"; };
		1D3E1E9B1E1831D300438152 /* Info.plist */ = {isa = PBXFileReference; fileEncoding = 4; lastKnownFileType = text.plist.xml; path = Info.plist; sourceTree = "<group>"; };
		1D3E1EA01E1831D300438152 /* StatusMenuController.swift */ = {isa = PBXFileReference; fileEncoding = 4; lastKnownFileType = sourcecode.swift; path = StatusMenuController.swift; sourceTree = "<group>"; };
		1D3E1EA21E1831D300438152 /* RoundedImage.swift */ = {isa = PBXFileReference; fileEncoding = 4; lastKnownFileType = sourcecode.swift; path = RoundedImage.swift; sourceTree = "<group>"; };
		1D8D63621E18338700AE71D1 /* HackyRepository.swift */ = {isa = PBXFileReference; fileEncoding = 4; lastKnownFileType = sourcecode.swift; path = HackyRepository.swift; sourceTree = "<group>"; };
		1D8D63641E1833AC00AE71D1 /* DeviceService.swift */ = {isa = PBXFileReference; fileEncoding = 4; lastKnownFileType = sourcecode.swift; path = DeviceService.swift; sourceTree = "<group>"; };
		1D8D63661E1833AC00AE71D1 /* SmsService.swift */ = {isa = PBXFileReference; fileEncoding = 4; lastKnownFileType = sourcecode.swift; path = SmsService.swift; sourceTree = "<group>"; };
		1D8D63671E1833AC00AE71D1 /* UserService.swift */ = {isa = PBXFileReference; fileEncoding = 4; lastKnownFileType = sourcecode.swift; path = UserService.swift; sourceTree = "<group>"; };
		1D8D636C1E1834A600AE71D1 /* MessageTableCellView.swift */ = {isa = PBXFileReference; fileEncoding = 4; lastKnownFileType = sourcecode.swift; path = MessageTableCellView.swift; sourceTree = "<group>"; };
		1D8D636D1E1834A600AE71D1 /* MessageTableCellView.xib */ = {isa = PBXFileReference; fileEncoding = 4; lastKnownFileType = file.xib; path = MessageTableCellView.xib; sourceTree = "<group>"; };
		1D8D636E1E1834A600AE71D1 /* MessagingWindow.swift */ = {isa = PBXFileReference; fileEncoding = 4; lastKnownFileType = sourcecode.swift; path = MessagingWindow.swift; sourceTree = "<group>"; };
		1D8D636F1E1834A600AE71D1 /* MessagingWindow.xib */ = {isa = PBXFileReference; fileEncoding = 4; lastKnownFileType = file.xib; path = MessagingWindow.xib; sourceTree = "<group>"; };
		1D8D63701E1834A600AE71D1 /* ThreadsViewController.swift */ = {isa = PBXFileReference; fileEncoding = 4; lastKnownFileType = sourcecode.swift; path = ThreadsViewController.swift; sourceTree = "<group>"; };
		1D8D63711E1834A600AE71D1 /* ThreadsViewController.xib */ = {isa = PBXFileReference; fileEncoding = 4; lastKnownFileType = file.xib; path = ThreadsViewController.xib; sourceTree = "<group>"; };
		1D8D63721E1834A600AE71D1 /* ThreadTableCellView.swift */ = {isa = PBXFileReference; fileEncoding = 4; lastKnownFileType = sourcecode.swift; path = ThreadTableCellView.swift; sourceTree = "<group>"; };
		1D8D63731E1834A600AE71D1 /* ThreadTableCellView.xib */ = {isa = PBXFileReference; fileEncoding = 4; lastKnownFileType = file.xib; path = ThreadTableCellView.xib; sourceTree = "<group>"; };
		1D8D63741E1834A600AE71D1 /* ThreadViewController.swift */ = {isa = PBXFileReference; fileEncoding = 4; lastKnownFileType = sourcecode.swift; path = ThreadViewController.swift; sourceTree = "<group>"; };
		1D8D63751E1834A600AE71D1 /* ThreadViewController.xib */ = {isa = PBXFileReference; fileEncoding = 4; lastKnownFileType = file.xib; path = ThreadViewController.xib; sourceTree = "<group>"; };
		1D8D63801E18366100AE71D1 /* PushManager.swift */ = {isa = PBXFileReference; fileEncoding = 4; lastKnownFileType = sourcecode.swift; path = PushManager.swift; sourceTree = "<group>"; };
		1D8D63821E183A2100AE71D1 /* EphemeralService.swift */ = {isa = PBXFileReference; fileEncoding = 4; lastKnownFileType = sourcecode.swift; path = EphemeralService.swift; sourceTree = "<group>"; };
		499DD0F51D2ACA0B00BB759D /* .gitignore */ = {isa = PBXFileReference; fileEncoding = 4; lastKnownFileType = text; path = .gitignore; sourceTree = "<group>"; };
		49AE29361DB4D19500B61843 /* libSwCrypt.a */ = {isa = PBXFileReference; lastKnownFileType = archive.ar; name = libSwCrypt.a; path = SwCrypt/build/Debug/libSwCrypt.a; sourceTree = "<group>"; };
		49AE29531DB4D86E00B61843 /* SwCrypt.framework */ = {isa = PBXFileReference; lastKnownFileType = wrapper.framework; name = SwCrypt.framework; path = SwCrypt/build/Debug/SwCrypt.framework; sourceTree = "<group>"; };
		49B43B081D1ADFB200A24585 /* Noti.app */ = {isa = PBXFileReference; explicitFileType = wrapper.application; includeInIndex = 0; path = Noti.app; sourceTree = BUILT_PRODUCTS_DIR; };
		49B43B0B1D1ADFB200A24585 /* AppDelegate.swift */ = {isa = PBXFileReference; lastKnownFileType = sourcecode.swift; path = AppDelegate.swift; sourceTree = "<group>"; };
		49B43B121D1ADFB200A24585 /* Base */ = {isa = PBXFileReference; lastKnownFileType = file.storyboard; name = Base; path = Base.lproj/Main.storyboard; sourceTree = "<group>"; };
		49B43B1A1D1AE0F200A24585 /* Podfile */ = {isa = PBXFileReference; fileEncoding = 4; lastKnownFileType = text; path = Podfile; sourceTree = "<group>"; xcLanguageSpecificationIdentifier = xcode.lang.ruby; };
		6B7FFCDDDAD1689D9A4BE578 /* Pods-Noti.release.xcconfig */ = {isa = PBXFileReference; includeInIndex = 1; lastKnownFileType = text.xcconfig; name = "Pods-Noti.release.xcconfig"; path = "Pods/Target Support Files/Pods-Noti/Pods-Noti.release.xcconfig"; sourceTree = "<group>"; };
		B2C7615AF577BAEAF32B8516 /* Pods_Noti.framework */ = {isa = PBXFileReference; explicitFileType = wrapper.framework; includeInIndex = 0; path = Pods_Noti.framework; sourceTree = BUILT_PRODUCTS_DIR; };
/* End PBXFileReference section */

/* Begin PBXFrameworksBuildPhase section */
		49B43B051D1ADFB200A24585 /* Frameworks */ = {
			isa = PBXFrameworksBuildPhase;
			buildActionMask = 2147483647;
			files = (
				162B919FE4321ED9BC86AD09 /* Pods_Noti.framework in Frameworks */,
			);
			runOnlyForDeploymentPostprocessing = 0;
		};
/* End PBXFrameworksBuildPhase section */

/* Begin PBXGroup section */
		1D1F98981E18325B00DEBC7C /* Encryption */ = {
			isa = PBXGroup;
			children = (
				1D1F98991E18325B00DEBC7C /* Crypt.swift */,
			);
			path = Encryption;
			sourceTree = "<group>";
		};
		1D3E1E921E1831D300438152 /* Login */ = {
			isa = PBXGroup;
			children = (
				1D3E1E931E1831D300438152 /* AuthViewController.swift */,
				1D3E1E941E1831D300438152 /* IntroViewController.swift */,
			);
			path = Login;
			sourceTree = "<group>";
		};
		1D3E1E951E1831D300438152 /* Messaging */ = {
			isa = PBXGroup;
			children = (
				1D8D636C1E1834A600AE71D1 /* MessageTableCellView.swift */,
				1D8D636D1E1834A600AE71D1 /* MessageTableCellView.xib */,
				1D8D636E1E1834A600AE71D1 /* MessagingWindow.swift */,
				1D8D636F1E1834A600AE71D1 /* MessagingWindow.xib */,
				1D8D63701E1834A600AE71D1 /* ThreadsViewController.swift */,
				1D8D63711E1834A600AE71D1 /* ThreadsViewController.xib */,
				1D8D63721E1834A600AE71D1 /* ThreadTableCellView.swift */,
				1D8D63731E1834A600AE71D1 /* ThreadTableCellView.xib */,
				1D8D63741E1834A600AE71D1 /* ThreadViewController.swift */,
				1D8D63751E1834A600AE71D1 /* ThreadViewController.xib */,
			);
			path = Messaging;
			sourceTree = "<group>";
		};
		1D3E1E961E1831D300438152 /* Preferencs */ = {
			isa = PBXGroup;
			children = (
				1D3E1E971E1831D300438152 /* PreferencesViewController.swift */,
			);
			path = Preferencs;
			sourceTree = "<group>";
		};
		1D3E1E981E1831D300438152 /* Repositories */ = {
			isa = PBXGroup;
			children = (
				1D8D63621E18338700AE71D1 /* HackyRepository.swift */,
			);
			path = Repositories;
			sourceTree = "<group>";
		};
		1D3E1E991E1831D300438152 /* Resources */ = {
			isa = PBXGroup;
			children = (
				1D3E1E9A1E1831D300438152 /* Assets.xcassets */,
				1D3E1E9B1E1831D300438152 /* Info.plist */,
			);
			path = Resources;
			sourceTree = "<group>";
		};
		1D3E1E9C1E1831D300438152 /* Services */ = {
			isa = PBXGroup;
			children = (
				1D8D63821E183A2100AE71D1 /* EphemeralService.swift */,
				1D8D63801E18366100AE71D1 /* PushManager.swift */,
				1D8D63641E1833AC00AE71D1 /* DeviceService.swift */,
				1D8D63661E1833AC00AE71D1 /* SmsService.swift */,
				1D8D63671E1833AC00AE71D1 /* UserService.swift */,
			);
			path = Services;
			sourceTree = "<group>";
		};
		1D3E1E9F1E1831D300438152 /* StatusBar */ = {
			isa = PBXGroup;
			children = (
				1D3E1EA01E1831D300438152 /* StatusMenuController.swift */,
			);
			path = StatusBar;
			sourceTree = "<group>";
		};
		1D3E1EA11E1831D300438152 /* Utils */ = {
			isa = PBXGroup;
			children = (
				1D3E1EA21E1831D300438152 /* RoundedImage.swift */,
			);
			path = Utils;
			sourceTree = "<group>";
		};
		49B43AFF1D1ADFB100A24585 = {
			isa = PBXGroup;
			children = (
				499DD0F51D2ACA0B00BB759D /* .gitignore */,
				49B43B1A1D1AE0F200A24585 /* Podfile */,
				49B43B0A1D1ADFB200A24585 /* Noti */,
				49B43B091D1ADFB200A24585 /* Products */,
				D0EECD8F29ED53BD727C95F8 /* Pods */,
				5BAC699C03C9C573FDF4B2D8 /* Frameworks */,
			);
			sourceTree = "<group>";
		};
		49B43B091D1ADFB200A24585 /* Products */ = {
			isa = PBXGroup;
			children = (
				49B43B081D1ADFB200A24585 /* Noti.app */,
			);
			name = Products;
			sourceTree = "<group>";
		};
		49B43B0A1D1ADFB200A24585 /* Noti */ = {
			isa = PBXGroup;
			children = (
				1D1F98981E18325B00DEBC7C /* Encryption */,
				1D3E1E921E1831D300438152 /* Login */,
				1D3E1E951E1831D300438152 /* Messaging */,
				1D3E1E961E1831D300438152 /* Preferencs */,
				1D3E1E981E1831D300438152 /* Repositories */,
				1D3E1E991E1831D300438152 /* Resources */,
				1D3E1E9C1E1831D300438152 /* Services */,
				1D3E1E9F1E1831D300438152 /* StatusBar */,
				1D3E1EA11E1831D300438152 /* Utils */,
				49B43B0B1D1ADFB200A24585 /* AppDelegate.swift */,
				49B43B111D1ADFB200A24585 /* Main.storyboard */,
			);
			path = Noti;
			sourceTree = "<group>";
		};
		5BAC699C03C9C573FDF4B2D8 /* Frameworks */ = {
			isa = PBXGroup;
			children = (
				49AE29531DB4D86E00B61843 /* SwCrypt.framework */,
				49AE29361DB4D19500B61843 /* libSwCrypt.a */,
				B2C7615AF577BAEAF32B8516 /* Pods_Noti.framework */,
			);
			name = Frameworks;
			sourceTree = "<group>";
		};
		D0EECD8F29ED53BD727C95F8 /* Pods */ = {
			isa = PBXGroup;
			children = (
				0F7FEC6A353CB04118DDEBF6 /* Pods-Noti.debug.xcconfig */,
				6B7FFCDDDAD1689D9A4BE578 /* Pods-Noti.release.xcconfig */,
			);
			name = Pods;
			sourceTree = "<group>";
		};
/* End PBXGroup section */

/* Begin PBXNativeTarget section */
		49B43B071D1ADFB200A24585 /* Noti */ = {
			isa = PBXNativeTarget;
			buildConfigurationList = 49B43B171D1ADFB200A24585 /* Build configuration list for PBXNativeTarget "Noti" */;
			buildPhases = (
				C46969CE10D5230F33E29F6C /* [CP] Check Pods Manifest.lock */,
				49B43B051D1ADFB200A24585 /* Frameworks */,
				49B43B041D1ADFB200A24585 /* Sources */,
				49B43B061D1ADFB200A24585 /* Resources */,
				003C003AFFFD5A40A37BC17E /* [CP] Embed Pods Frameworks */,
				9E2550AE761EB3113626074C /* [CP] Copy Pods Resources */,
			);
			buildRules = (
			);
			dependencies = (
			);
			name = Noti;
			productName = Noti;
			productReference = 49B43B081D1ADFB200A24585 /* Noti.app */;
			productType = "com.apple.product-type.application";
		};
/* End PBXNativeTarget section */

/* Begin PBXProject section */
		49B43B001D1ADFB100A24585 /* Project object */ = {
			isa = PBXProject;
			attributes = {
				LastSwiftUpdateCheck = 0730;
				LastUpgradeCheck = 0730;
				ORGANIZATIONNAME = Oberon;
				TargetAttributes = {
					49B43B071D1ADFB200A24585 = {
						CreatedOnToolsVersion = 7.3.1;
						LastSwiftMigration = 0800;
						ProvisioningStyle = Manual;
					};
				};
			};
			buildConfigurationList = 49B43B031D1ADFB200A24585 /* Build configuration list for PBXProject "Noti" */;
			compatibilityVersion = "Xcode 3.2";
			developmentRegion = English;
			hasScannedForEncodings = 0;
			knownRegions = (
				en,
				Base,
			);
			mainGroup = 49B43AFF1D1ADFB100A24585;
			productRefGroup = 49B43B091D1ADFB200A24585 /* Products */;
			projectDirPath = "";
			projectRoot = "";
			targets = (
				49B43B071D1ADFB200A24585 /* Noti */,
			);
		};
/* End PBXProject section */

/* Begin PBXResourcesBuildPhase section */
		49B43B061D1ADFB200A24585 /* Resources */ = {
			isa = PBXResourcesBuildPhase;
			buildActionMask = 2147483647;
			files = (
				1D8D63791E1834A600AE71D1 /* MessagingWindow.xib in Resources */,
				499DD0F61D2ACA0B00BB759D /* .gitignore in Resources */,
				49B43B1B1D1AE0F200A24585 /* Podfile in Resources */,
				1D3E1EA81E1831D300438152 /* Assets.xcassets in Resources */,
				1D8D637F1E1834A600AE71D1 /* ThreadViewController.xib in Resources */,
				1D8D637B1E1834A600AE71D1 /* ThreadsViewController.xib in Resources */,
				1D8D63771E1834A600AE71D1 /* MessageTableCellView.xib in Resources */,
				1D3E1EA91E1831D300438152 /* Info.plist in Resources */,
				49B43B131D1ADFB200A24585 /* Main.storyboard in Resources */,
				1D8D637D1E1834A600AE71D1 /* ThreadTableCellView.xib in Resources */,
			);
			runOnlyForDeploymentPostprocessing = 0;
		};
/* End PBXResourcesBuildPhase section */

/* Begin PBXShellScriptBuildPhase section */
		003C003AFFFD5A40A37BC17E /* [CP] Embed Pods Frameworks */ = {
			isa = PBXShellScriptBuildPhase;
			buildActionMask = 2147483647;
			files = (
			);
			inputPaths = (
			);
			name = "[CP] Embed Pods Frameworks";
			outputPaths = (
			);
			runOnlyForDeploymentPostprocessing = 0;
			shellPath = /bin/sh;
			shellScript = "\"${SRCROOT}/Pods/Target Support Files/Pods-Noti/Pods-Noti-frameworks.sh\"\n";
			showEnvVarsInLog = 0;
		};
		9E2550AE761EB3113626074C /* [CP] Copy Pods Resources */ = {
			isa = PBXShellScriptBuildPhase;
			buildActionMask = 2147483647;
			files = (
			);
			inputPaths = (
			);
			name = "[CP] Copy Pods Resources";
			outputPaths = (
			);
			runOnlyForDeploymentPostprocessing = 0;
			shellPath = /bin/sh;
			shellScript = "\"${SRCROOT}/Pods/Target Support Files/Pods-Noti/Pods-Noti-resources.sh\"\n";
			showEnvVarsInLog = 0;
		};
		C46969CE10D5230F33E29F6C /* [CP] Check Pods Manifest.lock */ = {
			isa = PBXShellScriptBuildPhase;
			buildActionMask = 2147483647;
			files = (
			);
			inputPaths = (
			);
			name = "[CP] Check Pods Manifest.lock";
			outputPaths = (
			);
			runOnlyForDeploymentPostprocessing = 0;
			shellPath = /bin/sh;
			shellScript = "diff \"${PODS_ROOT}/../Podfile.lock\" \"${PODS_ROOT}/Manifest.lock\" > /dev/null\nif [ $? != 0 ] ; then\n    # print error to STDERR\n    echo \"error: The sandbox is not in sync with the Podfile.lock. Run 'pod install' or update your CocoaPods installation.\" >&2\n    exit 1\nfi\n";
			showEnvVarsInLog = 0;
		};
/* End PBXShellScriptBuildPhase section */

/* Begin PBXSourcesBuildPhase section */
		49B43B041D1ADFB200A24585 /* Sources */ = {
			isa = PBXSourcesBuildPhase;
			buildActionMask = 2147483647;
			files = (
				1D8D637A1E1834A600AE71D1 /* ThreadsViewController.swift in Sources */,
				1D8D637C1E1834A600AE71D1 /* ThreadTableCellView.swift in Sources */,
				1D3E1EA61E1831D300438152 /* IntroViewController.swift in Sources */,
				1D8D63761E1834A600AE71D1 /* MessageTableCellView.swift in Sources */,
				1D3E1EA51E1831D300438152 /* AuthViewController.swift in Sources */,
				49B43B0C1D1ADFB200A24585 /* AppDelegate.swift in Sources */,
				1D8D636A1E1833AC00AE71D1 /* SmsService.swift in Sources */,
				1D3E1EA71E1831D300438152 /* PreferencesViewController.swift in Sources */,
				1D8D637E1E1834A600AE71D1 /* ThreadViewController.swift in Sources */,
				1D8D63631E18338700AE71D1 /* HackyRepository.swift in Sources */,
				1D8D636B1E1833AC00AE71D1 /* UserService.swift in Sources */,
				1D8D63831E183A2100AE71D1 /* EphemeralService.swift in Sources */,
				1D3E1EAC1E1831D300438152 /* StatusMenuController.swift in Sources */,
				1D8D63781E1834A600AE71D1 /* MessagingWindow.swift in Sources */,
				1D3E1EAD1E1831D300438152 /* RoundedImage.swift in Sources */,
				1D1F989C1E18325B00DEBC7C /* Crypt.swift in Sources */,
				1D8D63811E18366100AE71D1 /* PushManager.swift in Sources */,
				1D8D63681E1833AC00AE71D1 /* DeviceService.swift in Sources */,
			);
			runOnlyForDeploymentPostprocessing = 0;
		};
/* End PBXSourcesBuildPhase section */

/* Begin PBXVariantGroup section */
		49B43B111D1ADFB200A24585 /* Main.storyboard */ = {
			isa = PBXVariantGroup;
			children = (
				49B43B121D1ADFB200A24585 /* Base */,
			);
			name = Main.storyboard;
			sourceTree = "<group>";
		};
/* End PBXVariantGroup section */

/* Begin XCBuildConfiguration section */
		49B43B151D1ADFB200A24585 /* Debug */ = {
			isa = XCBuildConfiguration;
			buildSettings = {
				ALWAYS_SEARCH_USER_PATHS = NO;
				CLANG_ANALYZER_NONNULL = YES;
				CLANG_CXX_LANGUAGE_STANDARD = "gnu++0x";
				CLANG_CXX_LIBRARY = "libc++";
				CLANG_ENABLE_MODULES = YES;
				CLANG_ENABLE_OBJC_ARC = YES;
				CLANG_WARN_BOOL_CONVERSION = YES;
				CLANG_WARN_CONSTANT_CONVERSION = YES;
				CLANG_WARN_DIRECT_OBJC_ISA_USAGE = YES_ERROR;
				CLANG_WARN_EMPTY_BODY = YES;
				CLANG_WARN_ENUM_CONVERSION = YES;
				CLANG_WARN_INT_CONVERSION = YES;
				CLANG_WARN_OBJC_ROOT_CLASS = YES_ERROR;
				CLANG_WARN_UNREACHABLE_CODE = YES;
				CLANG_WARN__DUPLICATE_METHOD_MATCH = YES;
				CODE_SIGN_IDENTITY = "-";
				COPY_PHASE_STRIP = NO;
				DEBUG_INFORMATION_FORMAT = dwarf;
				ENABLE_STRICT_OBJC_MSGSEND = YES;
				ENABLE_TESTABILITY = YES;
				GCC_C_LANGUAGE_STANDARD = gnu99;
				GCC_DYNAMIC_NO_PIC = NO;
				GCC_NO_COMMON_BLOCKS = YES;
				GCC_OPTIMIZATION_LEVEL = 0;
				GCC_PREPROCESSOR_DEFINITIONS = (
					"DEBUG=1",
					"$(inherited)",
				);
				GCC_WARN_64_TO_32_BIT_CONVERSION = YES;
				GCC_WARN_ABOUT_RETURN_TYPE = YES_ERROR;
				GCC_WARN_UNDECLARED_SELECTOR = YES;
				GCC_WARN_UNINITIALIZED_AUTOS = YES_AGGRESSIVE;
				GCC_WARN_UNUSED_FUNCTION = YES;
				GCC_WARN_UNUSED_VARIABLE = YES;
				MACOSX_DEPLOYMENT_TARGET = 10.11;
				MTL_ENABLE_DEBUG_INFO = YES;
				ONLY_ACTIVE_ARCH = YES;
				SDKROOT = macosx;
				SWIFT_OPTIMIZATION_LEVEL = "-Onone";
			};
			name = Debug;
		};
		49B43B161D1ADFB200A24585 /* Release */ = {
			isa = XCBuildConfiguration;
			buildSettings = {
				ALWAYS_SEARCH_USER_PATHS = NO;
				CLANG_ANALYZER_NONNULL = YES;
				CLANG_CXX_LANGUAGE_STANDARD = "gnu++0x";
				CLANG_CXX_LIBRARY = "libc++";
				CLANG_ENABLE_MODULES = YES;
				CLANG_ENABLE_OBJC_ARC = YES;
				CLANG_WARN_BOOL_CONVERSION = YES;
				CLANG_WARN_CONSTANT_CONVERSION = YES;
				CLANG_WARN_DIRECT_OBJC_ISA_USAGE = YES_ERROR;
				CLANG_WARN_EMPTY_BODY = YES;
				CLANG_WARN_ENUM_CONVERSION = YES;
				CLANG_WARN_INT_CONVERSION = YES;
				CLANG_WARN_OBJC_ROOT_CLASS = YES_ERROR;
				CLANG_WARN_UNREACHABLE_CODE = YES;
				CLANG_WARN__DUPLICATE_METHOD_MATCH = YES;
				CODE_SIGN_IDENTITY = "-";
				COPY_PHASE_STRIP = NO;
				DEBUG_INFORMATION_FORMAT = "dwarf-with-dsym";
				ENABLE_NS_ASSERTIONS = NO;
				ENABLE_STRICT_OBJC_MSGSEND = YES;
				GCC_C_LANGUAGE_STANDARD = gnu99;
				GCC_NO_COMMON_BLOCKS = YES;
				GCC_WARN_64_TO_32_BIT_CONVERSION = YES;
				GCC_WARN_ABOUT_RETURN_TYPE = YES_ERROR;
				GCC_WARN_UNDECLARED_SELECTOR = YES;
				GCC_WARN_UNINITIALIZED_AUTOS = YES_AGGRESSIVE;
				GCC_WARN_UNUSED_FUNCTION = YES;
				GCC_WARN_UNUSED_VARIABLE = YES;
				MACOSX_DEPLOYMENT_TARGET = 10.11;
				MTL_ENABLE_DEBUG_INFO = NO;
				SDKROOT = macosx;
			};
			name = Release;
		};
		49B43B181D1ADFB200A24585 /* Debug */ = {
			isa = XCBuildConfiguration;
			baseConfigurationReference = 0F7FEC6A353CB04118DDEBF6 /* Pods-Noti.debug.xcconfig */;
			buildSettings = {
				ASSETCATALOG_COMPILER_APPICON_NAME = AppIcon;
				CODE_SIGN_IDENTITY = "";
				COMBINE_HIDPI_IMAGES = YES;
				DEVELOPMENT_TEAM = "";
				FRAMEWORK_SEARCH_PATHS = (
					"$(inherited)",
					"$(PROJECT_DIR)/SwCrypt/build/Debug",
				);
				INFOPLIST_FILE = Noti/Resources/Info.plist;
				LD_RUNPATH_SEARCH_PATHS = "$(inherited) @executable_path/../Frameworks";
				LIBRARY_SEARCH_PATHS = (
					"$(inherited)",
					"$(PROJECT_DIR)/SwCrypt/build/Debug",
				);
				MACOSX_DEPLOYMENT_TARGET = 10.11;
				PRODUCT_BUNDLE_IDENTIFIER = io.jari.Noti;
				PRODUCT_NAME = "$(TARGET_NAME)";
				SWIFT_VERSION = 3.0;
			};
			name = Debug;
		};
		49B43B191D1ADFB200A24585 /* Release */ = {
			isa = XCBuildConfiguration;
			baseConfigurationReference = 6B7FFCDDDAD1689D9A4BE578 /* Pods-Noti.release.xcconfig */;
			buildSettings = {
				ASSETCATALOG_COMPILER_APPICON_NAME = AppIcon;
				CODE_SIGN_IDENTITY = "Developer ID Application";
				COMBINE_HIDPI_IMAGES = YES;
				DEVELOPMENT_TEAM = JHKDY4UQ72;
				FRAMEWORK_SEARCH_PATHS = (
					"$(inherited)",
					"$(PROJECT_DIR)/SwCrypt/build/Debug",
				);
				INFOPLIST_FILE = Noti/Resources/Info.plist;
				LD_RUNPATH_SEARCH_PATHS = "$(inherited) @executable_path/../Frameworks";
				LIBRARY_SEARCH_PATHS = (
					"$(inherited)",
					"$(PROJECT_DIR)/SwCrypt/build/Debug",
				);
				MACOSX_DEPLOYMENT_TARGET = 10.11;
				PRODUCT_BUNDLE_IDENTIFIER = io.jari.Noti;
				PRODUCT_NAME = "$(TARGET_NAME)";
				SWIFT_VERSION = 3.0;
			};
			name = Release;
		};
/* End XCBuildConfiguration section */

/* Begin XCConfigurationList section */
		49B43B031D1ADFB200A24585 /* Build configuration list for PBXProject "Noti" */ = {
			isa = XCConfigurationList;
			buildConfigurations = (
				49B43B151D1ADFB200A24585 /* Debug */,
				49B43B161D1ADFB200A24585 /* Release */,
			);
			defaultConfigurationIsVisible = 0;
			defaultConfigurationName = Release;
		};
		49B43B171D1ADFB200A24585 /* Build configuration list for PBXNativeTarget "Noti" */ = {
			isa = XCConfigurationList;
			buildConfigurations = (
				49B43B181D1ADFB200A24585 /* Debug */,
				49B43B191D1ADFB200A24585 /* Release */,
			);
			defaultConfigurationIsVisible = 0;
			defaultConfigurationName = Release;
		};
/* End XCConfigurationList section */
	};
	rootObject = 49B43B001D1ADFB100A24585 /* Project object */;
}
